
Microsoft Visual Studio Solution File, Format Version 12.00
# Visual Studio 15
VisualStudioVersion = 15.0.27421.1
MinimumVisualStudioVersion = 10.0.40219.1
Project("{9092AA53-FB77-4645-B42D-1CCCA6BD08BD}") = "conduit", "conduit.njsproj", "{5231F104-C847-4900-B38E-C838709BCDB6}"
EndProject
Global
	GlobalSection(SolutionConfigurationPlatforms) = preSolution
		Debug|Any CPU = Debug|Any CPU
		Release|Any CPU = Release|Any CPU
	EndGlobalSection
	GlobalSection(ProjectConfigurationPlatforms) = postSolution
		{5231F104-C847-4900-B38E-C838709BCDB6}.Debug|Any CPU.ActiveCfg = Debug|Any CPU
		{5231F104-C847-4900-B38E-C838709BCDB6}.Debug|Any CPU.Build.0 = Debug|Any CPU
		{5231F104-C847-4900-B38E-C838709BCDB6}.Release|Any CPU.ActiveCfg = Release|Any CPU
		{5231F104-C847-4900-B38E-C838709BCDB6}.Release|Any CPU.Build.0 = Release|Any CPU
	EndGlobalSection
	GlobalSection(SolutionProperties) = preSolution
		HideSolutionNode = FALSE
	EndGlobalSection
	GlobalSection(ExtensibilityGlobals) = postSolution
		SolutionGuid = {1C98BCF9-772A-4CEC-A86F-1282A5EFE878}
	EndGlobalSection
EndGlobal
